
Microsoft Visual Studio Solution File, Format Version 12.00
# Visual Studio 11
Project("{8BC9CEB8-8B4A-11D0-8D11-00A0C91BC942}") = "othelloCmd", "othelloCmd\othelloCmd.vcxproj", "{7E3F4D4D-9699-1287-A57C-CF6F075257F5}"
EndProject
Global
	GlobalSection(SolutionConfigurationPlatforms) = preSolution
		Debug|Win32 = Debug|Win32
		Release|Win32 = Release|Win32
	EndGlobalSection
	GlobalSection(ProjectConfigurationPlatforms) = postSolution
		{7E3F4D4D-9699-1287-A57C-CF6F075257F5}.Debug|Win32.ActiveCfg = Release|Win32
		{7E3F4D4D-9699-1287-A57C-CF6F075257F5}.Debug|Win32.Build.0 = Release|Win32
		{7E3F4D4D-9699-1287-A57C-CF6F075257F5}.Release|Win32.ActiveCfg = Release|Win32
		{7E3F4D4D-9699-1287-A57C-CF6F075257F5}.Release|Win32.Build.0 = Release|Win32
	EndGlobalSection
	GlobalSection(SolutionProperties) = preSolution
		HideSolutionNode = FALSE
	EndGlobalSection
EndGlobal
